
Microsoft Visual Studio Solution File, Format Version 12.00
# Visual Studio Version 17
VisualStudioVersion = 17.9.34728.123
MinimumVisualStudioVersion = 10.0.40219.1
Project("{9A19103F-16F7-4668-BE54-9A1E7A4F7556}") = "Vaccines_Scheduling.Webapi", "Vaccines_Scheduling.Webapi.csproj", "{680CDDBE-50CC-4687-B97E-AB510ECCCD69}"
EndProject
Project("{9A19103F-16F7-4668-BE54-9A1E7A4F7556}") = "Vaccines_Scheduling.Business", "..\Vaccines_Scheduling.Business\Vaccines_Scheduling.Business.csproj", "{E8EC0BF3-7CBA-4986-8177-148D45B437A4}"
EndProject
Project("{9A19103F-16F7-4668-BE54-9A1E7A4F7556}") = "Vaccines_Scheduling.Business.Interface", "..\Vaccines_Scheduling.Business.Interface\Vaccines_Scheduling.Business.Interface.csproj", "{0042430A-3F60-46E2-B469-7CEDD65DF646}"
EndProject
Project("{9A19103F-16F7-4668-BE54-9A1E7A4F7556}") = "Vaccines_Scheduling.Repository", "..\Vaccines_Scheduling.Repository\Vaccines_Scheduling.Repository.csproj", "{40088E26-DE88-451A-AE26-76B161F86A89}"
EndProject
Project("{9A19103F-16F7-4668-BE54-9A1E7A4F7556}") = "Vaccines_Scheduling.Repository.Interface", "..\Vaccines_Scheduling.Repository.Interface\Vaccines_Scheduling.Repository.Interface.csproj", "{B496C665-7F76-428F-8C0E-CBC00389364C}"
EndProject
Project("{9A19103F-16F7-4668-BE54-9A1E7A4F7556}") = "Vaccines_Scheduling.Utility", "..\Vaccines_Scheduling.Utility\Vaccines_Scheduling.Utility.csproj", "{B4813C41-30DA-4D91-9760-E2A7C359D105}"
EndProject
Project("{9A19103F-16F7-4668-BE54-9A1E7A4F7556}") = "Vaccines_Scheduling.UnitTest", "..\Vaccines_Scheduling.UnitTest\Vaccines_Scheduling.UnitTest.csproj", "{CB485681-B606-4C1D-B34E-4119AE1E3FA9}"
EndProject
Project("{9A19103F-16F7-4668-BE54-9A1E7A4F7556}") = "Vaccines_Scheduling.Validator", "..\Vaccines_Scheduling.Validator\Vaccines_Scheduling.Validator.csproj", "{6F7ACA3E-28AA-4D37-9D0A-11CD6C5C61A8}"
EndProject
Project("{9A19103F-16F7-4668-BE54-9A1E7A4F7556}") = "Vaccines_Scheduling.Entity", "..\Vaccines_Scheduling.Entity\Vaccines_Scheduling.Entity.csproj", "{908F8D92-1D76-4B30-A469-508DD90FE48E}"
EndProject
Global
	GlobalSection(SolutionConfigurationPlatforms) = preSolution
		Debug|Any CPU = Debug|Any CPU
		Release|Any CPU = Release|Any CPU
	EndGlobalSection
	GlobalSection(ProjectConfigurationPlatforms) = postSolution
		{680CDDBE-50CC-4687-B97E-AB510ECCCD69}.Debug|Any CPU.ActiveCfg = Debug|Any CPU
		{680CDDBE-50CC-4687-B97E-AB510ECCCD69}.Debug|Any CPU.Build.0 = Debug|Any CPU
		{680CDDBE-50CC-4687-B97E-AB510ECCCD69}.Release|Any CPU.ActiveCfg = Release|Any CPU
		{680CDDBE-50CC-4687-B97E-AB510ECCCD69}.Release|Any CPU.Build.0 = Release|Any CPU
		{E8EC0BF3-7CBA-4986-8177-148D45B437A4}.Debug|Any CPU.ActiveCfg = Debug|Any CPU
		{E8EC0BF3-7CBA-4986-8177-148D45B437A4}.Debug|Any CPU.Build.0 = Debug|Any CPU
		{E8EC0BF3-7CBA-4986-8177-148D45B437A4}.Release|Any CPU.ActiveCfg = Release|Any CPU
		{E8EC0BF3-7CBA-4986-8177-148D45B437A4}.Release|Any CPU.Build.0 = Release|Any CPU
		{0042430A-3F60-46E2-B469-7CEDD65DF646}.Debug|Any CPU.ActiveCfg = Debug|Any CPU
		{0042430A-3F60-46E2-B469-7CEDD65DF646}.Debug|Any CPU.Build.0 = Debug|Any CPU
		{0042430A-3F60-46E2-B469-7CEDD65DF646}.Release|Any CPU.ActiveCfg = Release|Any CPU
		{0042430A-3F60-46E2-B469-7CEDD65DF646}.Release|Any CPU.Build.0 = Release|Any CPU
		{40088E26-DE88-451A-AE26-76B161F86A89}.Debug|Any CPU.ActiveCfg = Debug|Any CPU
		{40088E26-DE88-451A-AE26-76B161F86A89}.Debug|Any CPU.Build.0 = Debug|Any CPU
		{40088E26-DE88-451A-AE26-76B161F86A89}.Release|Any CPU.ActiveCfg = Release|Any CPU
		{40088E26-DE88-451A-AE26-76B161F86A89}.Release|Any CPU.Build.0 = Release|Any CPU
		{B496C665-7F76-428F-8C0E-CBC00389364C}.Debug|Any CPU.ActiveCfg = Debug|Any CPU
		{B496C665-7F76-428F-8C0E-CBC00389364C}.Debug|Any CPU.Build.0 = Debug|Any CPU
		{B496C665-7F76-428F-8C0E-CBC00389364C}.Release|Any CPU.ActiveCfg = Release|Any CPU
		{B496C665-7F76-428F-8C0E-CBC00389364C}.Release|Any CPU.Build.0 = Release|Any CPU
		{B4813C41-30DA-4D91-9760-E2A7C359D105}.Debug|Any CPU.ActiveCfg = Debug|Any CPU
		{B4813C41-30DA-4D91-9760-E2A7C359D105}.Debug|Any CPU.Build.0 = Debug|Any CPU
		{B4813C41-30DA-4D91-9760-E2A7C359D105}.Release|Any CPU.ActiveCfg = Release|Any CPU
		{B4813C41-30DA-4D91-9760-E2A7C359D105}.Release|Any CPU.Build.0 = Release|Any CPU
		{CB485681-B606-4C1D-B34E-4119AE1E3FA9}.Debug|Any CPU.ActiveCfg = Debug|Any CPU
		{CB485681-B606-4C1D-B34E-4119AE1E3FA9}.Debug|Any CPU.Build.0 = Debug|Any CPU
		{CB485681-B606-4C1D-B34E-4119AE1E3FA9}.Release|Any CPU.ActiveCfg = Release|Any CPU
		{CB485681-B606-4C1D-B34E-4119AE1E3FA9}.Release|Any CPU.Build.0 = Release|Any CPU
		{6F7ACA3E-28AA-4D37-9D0A-11CD6C5C61A8}.Debug|Any CPU.ActiveCfg = Debug|Any CPU
		{6F7ACA3E-28AA-4D37-9D0A-11CD6C5C61A8}.Debug|Any CPU.Build.0 = Debug|Any CPU
		{6F7ACA3E-28AA-4D37-9D0A-11CD6C5C61A8}.Release|Any CPU.ActiveCfg = Release|Any CPU
		{6F7ACA3E-28AA-4D37-9D0A-11CD6C5C61A8}.Release|Any CPU.Build.0 = Release|Any CPU
		{908F8D92-1D76-4B30-A469-508DD90FE48E}.Debug|Any CPU.ActiveCfg = Debug|Any CPU
		{908F8D92-1D76-4B30-A469-508DD90FE48E}.Debug|Any CPU.Build.0 = Debug|Any CPU
		{908F8D92-1D76-4B30-A469-508DD90FE48E}.Release|Any CPU.ActiveCfg = Release|Any CPU
		{908F8D92-1D76-4B30-A469-508DD90FE48E}.Release|Any CPU.Build.0 = Release|Any CPU
	EndGlobalSection
	GlobalSection(SolutionProperties) = preSolution
		HideSolutionNode = FALSE
	EndGlobalSection
	GlobalSection(ExtensibilityGlobals) = postSolution
		SolutionGuid = {FADB6672-67D2-4549-A99F-46E841FAADBC}
	EndGlobalSection
EndGlobal
